{
	"name": "pun",
	"version": "0.0.26",
	"lockfileVersion": 1,
	"requires": true,
	"dependencies": {
		"dice": {
			"version": "0.0.2",
			"resolved": "https://registry.npmjs.org/dice/-/dice-0.0.2.tgz",
			"integrity": "sha1-Gjqy2xrWhNkPxNZ7XCr/iX65N/Q=",
			"requires": {
				"optimist": "0.1.7"
			}
		},
		"optimist": {
			"version": "0.1.7",
			"resolved": "https://registry.npmjs.org/optimist/-/optimist-0.1.7.tgz",
			"integrity": "sha1-+DqWRGNNRGvzk0UYJX1V3W0I4YM="
		}
	}
}
